{
  "version": 1,
  "dependencies": {
    ".NETStandard,Version=v2.0": {
      "Carbonfrost.Commons.Core": {
        "type": "Direct",
        "requested": "[0.3.0, )",
        "resolved": "0.3.0",
        "contentHash": "Rcuyg1duOpslIsY/W5jF81DRb7IFXdqZPe3Ddx3fpulw5SKxhOJ29g6ObOeVdHJp7OdwBRFg2zDZdL+LiF1N5w=="
      },
      "NETStandard.Library": {
        "type": "Direct",
        "requested": "[2.0.3, )",
        "resolved": "2.0.3",
        "contentHash": "st47PosZSHrjECdjeIzZQbzivYBJFv6P2nv4cj2ypdI204DO+vZ7l5raGMiX4eXMJ53RfOIg+/s4DHVZ54Nu2A==",
        "dependencies": {
          "Microsoft.NETCore.Platforms": "1.1.0"
        }
      },
      "Microsoft.NETCore.Platforms": {
        "type": "Transitive",
        "resolved": "1.1.0",
        "contentHash": "9vN3IZo2ZjHbzYz7JEQEB5NJwy/rADHvit2pNdlX80G6irHUgFzZ5fExPCsZb4DVddAHqfCKgHvGKczqcAVNNA=="
      }
    }
  }
}